
Microsoft Visual Studio Solution File, Format Version 12.00
# Visual Studio 15
VisualStudioVersion = 15.0.27004.2002
MinimumVisualStudioVersion = 10.0.40219.1
Project("{FAE04EC0-301F-11D3-BF4B-00C04F79EFBC}") = "SharpViewer", "SharpViewer\SharpViewer.csproj", "{F949FAB6-807B-4FFE-B732-E91540E40C47}"
EndProject
Global
	GlobalSection(SolutionConfigurationPlatforms) = preSolution
		Debug|Any CPU = Debug|Any CPU
		Release|Any CPU = Release|Any CPU
	EndGlobalSection
	GlobalSection(ProjectConfigurationPlatforms) = postSolution
		{F949FAB6-807B-4FFE-B732-E91540E40C47}.Debug|Any CPU.ActiveCfg = Debug|Any CPU
		{F949FAB6-807B-4FFE-B732-E91540E40C47}.Debug|Any CPU.Build.0 = Debug|Any CPU
		{F949FAB6-807B-4FFE-B732-E91540E40C47}.Release|Any CPU.ActiveCfg = Release|Any CPU
		{F949FAB6-807B-4FFE-B732-E91540E40C47}.Release|Any CPU.Build.0 = Release|Any CPU
	EndGlobalSection
	GlobalSection(SolutionProperties) = preSolution
		HideSolutionNode = FALSE
	EndGlobalSection
	GlobalSection(ExtensibilityGlobals) = postSolution
		SolutionGuid = {32EAC4C5-59E1-4724-9DF1-DE1B33142382}
	EndGlobalSection
EndGlobal
